
Microsoft Visual Studio Solution File, Format Version 12.00
# Visual Studio 15
VisualStudioVersion = 15.0.28307.572
MinimumVisualStudioVersion = 10.0.40219.1
Project("{9A19103F-16F7-4668-BE54-9A1E7A4F7556}") = "UltiProTests", "UltiProTests\UltiProTests.csproj", "{7036194A-EB76-45D6-A603-AFA4C1799D05}"
EndProject
Project("{9A19103F-16F7-4668-BE54-9A1E7A4F7556}") = "UINavigator", "UINavigator\UINavigator.csproj", "{2AFDF68A-088C-432D-B510-BC1D534F217F}"
EndProject
Global
	GlobalSection(SolutionConfigurationPlatforms) = preSolution
		Debug|Any CPU = Debug|Any CPU
		Release|Any CPU = Release|Any CPU
	EndGlobalSection
	GlobalSection(ProjectConfigurationPlatforms) = postSolution
		{7036194A-EB76-45D6-A603-AFA4C1799D05}.Debug|Any CPU.ActiveCfg = Debug|Any CPU
		{7036194A-EB76-45D6-A603-AFA4C1799D05}.Debug|Any CPU.Build.0 = Debug|Any CPU
		{7036194A-EB76-45D6-A603-AFA4C1799D05}.Release|Any CPU.ActiveCfg = Release|Any CPU
		{7036194A-EB76-45D6-A603-AFA4C1799D05}.Release|Any CPU.Build.0 = Release|Any CPU
		{2AFDF68A-088C-432D-B510-BC1D534F217F}.Debug|Any CPU.ActiveCfg = Debug|Any CPU
		{2AFDF68A-088C-432D-B510-BC1D534F217F}.Debug|Any CPU.Build.0 = Debug|Any CPU
		{2AFDF68A-088C-432D-B510-BC1D534F217F}.Release|Any CPU.ActiveCfg = Release|Any CPU
		{2AFDF68A-088C-432D-B510-BC1D534F217F}.Release|Any CPU.Build.0 = Release|Any CPU
	EndGlobalSection
	GlobalSection(SolutionProperties) = preSolution
		HideSolutionNode = FALSE
	EndGlobalSection
	GlobalSection(ExtensibilityGlobals) = postSolution
		SolutionGuid = {005E8F2E-C2FB-4E94-A9B2-75C182CC7018}
	EndGlobalSection
EndGlobal
